// !$*UTF8*$!
{
	archiveVersion = 1;
	classes = {
	};
	objectVersion = 50;
	objects = {

/* Begin PBXBuildFile section */
		D25242612443871A006BE623 /* AppDelegate.swift in Sources */ = {isa = PBXBuildFile; fileRef = D25242602443871A006BE623 /* AppDelegate.swift */; };
		D25242632443871A006BE623 /* SceneDelegate.swift in Sources */ = {isa = PBXBuildFile; fileRef = D25242622443871A006BE623 /* SceneDelegate.swift */; };
		D25242652443871A006BE623 /* ViewController.swift in Sources */ = {isa = PBXBuildFile; fileRef = D25242642443871A006BE623 /* ViewController.swift */; };
		D25242682443871A006BE623 /* Main.storyboard in Resources */ = {isa = PBXBuildFile; fileRef = D25242662443871A006BE623 /* Main.storyboard */; };
		D252426A2443871B006BE623 /* Assets.xcassets in Resources */ = {isa = PBXBuildFile; fileRef = D25242692443871B006BE623 /* Assets.xcassets */; };
		D252426D2443871B006BE623 /* LaunchScreen.storyboard in Resources */ = {isa = PBXBuildFile; fileRef = D252426B2443871B006BE623 /* LaunchScreen.storyboard */; };
		D25242782443871B006BE623 /* CatalystPlotTests.swift in Sources */ = {isa = PBXBuildFile; fileRef = D25242772443871B006BE623 /* CatalystPlotTests.swift */; };
		D25242A724438807006BE623 /* Shortcut.txt in Resources */ = {isa = PBXBuildFile; fileRef = D25242A624438807006BE623 /* Shortcut.txt */; };
		D25242A92443885B006BE623 /* CorePlot.framework in Frameworks */ = {isa = PBXBuildFile; fileRef = D25242982443877F006BE623 /* CorePlot.framework */; };
		D25242AA2443885B006BE623 /* CorePlot.framework in Embed Frameworks */ = {isa = PBXBuildFile; fileRef = D25242982443877F006BE623 /* CorePlot.framework */; settings = {ATTRIBUTES = (CodeSignOnCopy, RemoveHeadersOnCopy, ); }; };
		D25242B524438C8E006BE623 /* Plot152.png in Resources */ = {isa = PBXBuildFile; fileRef = D25242AC24438C8E006BE623 /* Plot152.png */; };
		D25242B624438C8E006BE623 /* Plot80.png in Resources */ = {isa = PBXBuildFile; fileRef = D25242AD24438C8E006BE623 /* Plot80.png */; };
		D25242B724438C8E006BE623 /* Plot167.png in Resources */ = {isa = PBXBuildFile; fileRef = D25242AE24438C8E006BE623 /* Plot167.png */; };
		D25242B824438C8E006BE623 /* Plot1024.png in Resources */ = {isa = PBXBuildFile; fileRef = D25242AF24438C8E006BE623 /* Plot1024.png */; };
		D25242B924438C8E006BE623 /* Plot40.png in Resources */ = {isa = PBXBuildFile; fileRef = D25242B024438C8E006BE623 /* Plot40.png */; };
		D25242BA24438C8E006BE623 /* Plot58.png in Resources */ = {isa = PBXBuildFile; fileRef = D25242B124438C8E006BE623 /* Plot58.png */; };
		D25242BB24438C8E006BE623 /* Plot20.png in Resources */ = {isa = PBXBuildFile; fileRef = D25242B224438C8E006BE623 /* Plot20.png */; };
		D25242BC24438C8E006BE623 /* Plot76.png in Resources */ = {isa = PBXBuildFile; fileRef = D25242B324438C8E006BE623 /* Plot76.png */; };
		D25242BD24438C8E006BE623 /* Plot29.png in Resources */ = {isa = PBXBuildFile; fileRef = D25242B424438C8E006BE623 /* Plot29.png */; };
		D25242DF2443B480006BE623 /* License.rtf in Resources */ = {isa = PBXBuildFile; fileRef = D25242D12443B480006BE623 /* License.rtf */; };
/* End PBXBuildFile section */

/* Begin PBXContainerItemProxy section */
		D25242742443871B006BE623 /* PBXContainerItemProxy */ = {
			isa = PBXContainerItemProxy;
			containerPortal = D25242552443871A006BE623 /* Project object */;
			proxyType = 1;
			remoteGlobalIDString = D252425C2443871A006BE623;
			remoteInfo = CatalystPlot;
		};
		D25242932443877F006BE623 /* PBXContainerItemProxy */ = {
			isa = PBXContainerItemProxy;
			containerPortal = D25242832443877E006BE623 /* CorePlot.xcodeproj */;
			proxyType = 2;
			remoteGlobalIDString = 8DC2EF5B0486A6940098B216;
			remoteInfo = "CorePlot Mac";
		};
		D25242952443877F006BE623 /* PBXContainerItemProxy */ = {
			isa = PBXContainerItemProxy;
			containerPortal = D25242832443877E006BE623 /* CorePlot.xcodeproj */;
			proxyType = 2;
			remoteGlobalIDString = 0730F600109492D800E95162;
			remoteInfo = "UnitTests Mac";
		};
		D25242972443877F006BE623 /* PBXContainerItemProxy */ = {
			isa = PBXContainerItemProxy;
			containerPortal = D25242832443877E006BE623 /* CorePlot.xcodeproj */;
			proxyType = 2;
			remoteGlobalIDString = C38A09781A46185200D45436;
			remoteInfo = "CorePlot iOS";
		};
		D25242992443877F006BE623 /* PBXContainerItemProxy */ = {
			isa = PBXContainerItemProxy;
			containerPortal = D25242832443877E006BE623 /* CorePlot.xcodeproj */;
			proxyType = 2;
			remoteGlobalIDString = C38A09821A46185300D45436;
			remoteInfo = "UnitTests iOS";
		};
		D252429B2443877F006BE623 /* PBXContainerItemProxy */ = {
			isa = PBXContainerItemProxy;
			containerPortal = D25242832443877E006BE623 /* CorePlot.xcodeproj */;
			proxyType = 2;
			remoteGlobalIDString = C38A09BA1A4619A900D45436;
			remoteInfo = "CorePlot-CocoaTouch";
		};
		D252429D2443877F006BE623 /* PBXContainerItemProxy */ = {
			isa = PBXContainerItemProxy;
			containerPortal = D25242832443877E006BE623 /* CorePlot.xcodeproj */;
			proxyType = 2;
			remoteGlobalIDString = C38A09C41A4619A900D45436;
			remoteInfo = "CorePlot-CocoaTouchTests";
		};
		D252429F2443877F006BE623 /* PBXContainerItemProxy */ = {
			isa = PBXContainerItemProxy;
			containerPortal = D25242832443877E006BE623 /* CorePlot.xcodeproj */;
			proxyType = 2;
			remoteGlobalIDString = C37EA6921BC83F2A0091C8F7;
			remoteInfo = "CorePlot tvOS";
		};
		D25242A12443877F006BE623 /* PBXContainerItemProxy */ = {
			isa = PBXContainerItemProxy;
			containerPortal = D25242832443877E006BE623 /* CorePlot.xcodeproj */;
			proxyType = 2;
			remoteGlobalIDString = C37EA6B71BC83F2D0091C8F7;
			remoteInfo = "UnitTests tvOS";
		};
/* End PBXContainerItemProxy section */

/* Begin PBXCopyFilesBuildPhase section */
		D25242AB2443885B006BE623 /* Embed Frameworks */ = {
			isa = PBXCopyFilesBuildPhase;
			buildActionMask = 2147483647;
			dstPath = "";
			dstSubfolderSpec = 10;
			files = (
				D25242AA2443885B006BE623 /* CorePlot.framework in Embed Frameworks */,
			);
			name = "Embed Frameworks";
			runOnlyForDeploymentPostprocessing = 0;
		};
/* End PBXCopyFilesBuildPhase section */

/* Begin PBXFileReference section */
		D252425D2443871A006BE623 /* CatalystPlot.app */ = {isa = PBXFileReference; explicitFileType = wrapper.application; includeInIndex = 0; path = CatalystPlot.app; sourceTree = BUILT_PRODUCTS_DIR; };
		D25242602443871A006BE623 /* AppDelegate.swift */ = {isa = PBXFileReference; lastKnownFileType = sourcecode.swift; path = AppDelegate.swift; sourceTree = "<group>"; };
		D25242622443871A006BE623 /* SceneDelegate.swift */ = {isa = PBXFileReference; lastKnownFileType = sourcecode.swift; path = SceneDelegate.swift; sourceTree = "<group>"; };
		D25242642443871A006BE623 /* ViewController.swift */ = {isa = PBXFileReference; lastKnownFileType = sourcecode.swift; path = ViewController.swift; sourceTree = "<group>"; };
		D25242672443871A006BE623 /* Base */ = {isa = PBXFileReference; lastKnownFileType = file.storyboard; name = Base; path = Base.lproj/Main.storyboard; sourceTree = "<group>"; };
		D25242692443871B006BE623 /* Assets.xcassets */ = {isa = PBXFileReference; lastKnownFileType = folder.assetcatalog; path = Assets.xcassets; sourceTree = "<group>"; };
		D252426C2443871B006BE623 /* Base */ = {isa = PBXFileReference; lastKnownFileType = file.storyboard; name = Base; path = Base.lproj/LaunchScreen.storyboard; sourceTree = "<group>"; };
		D252426E2443871B006BE623 /* Info.plist */ = {isa = PBXFileReference; lastKnownFileType = text.plist.xml; path = Info.plist; sourceTree = "<group>"; };
		D25242732443871B006BE623 /* CatalystPlotTests.xctest */ = {isa = PBXFileReference; explicitFileType = wrapper.cfbundle; includeInIndex = 0; path = CatalystPlotTests.xctest; sourceTree = BUILT_PRODUCTS_DIR; };
		D25242772443871B006BE623 /* CatalystPlotTests.swift */ = {isa = PBXFileReference; lastKnownFileType = sourcecode.swift; path = CatalystPlotTests.swift; sourceTree = "<group>"; };
		D25242792443871B006BE623 /* Info.plist */ = {isa = PBXFileReference; lastKnownFileType = text.plist.xml; path = Info.plist; sourceTree = "<group>"; };
		D25242822443874F006BE623 /* CatalystPlot.entitlements */ = {isa = PBXFileReference; lastKnownFileType = text.plist.entitlements; path = CatalystPlot.entitlements; sourceTree = "<group>"; };
		D25242832443877E006BE623 /* CorePlot.xcodeproj */ = {isa = PBXFileReference; lastKnownFileType = "wrapper.pb-project"; name = CorePlot.xcodeproj; path = "../../core-plot-release-2.4/framework/CorePlot.xcodeproj"; sourceTree = "<group>"; };
		D25242A624438807006BE623 /* Shortcut.txt */ = {isa = PBXFileReference; fileEncoding = 4; lastKnownFileType = text; path = Shortcut.txt; sourceTree = "<group>"; };
		D25242AC24438C8E006BE623 /* Plot152.png */ = {isa = PBXFileReference; lastKnownFileType = image.png; path = Plot152.png; sourceTree = "<group>"; };
		D25242AD24438C8E006BE623 /* Plot80.png */ = {isa = PBXFileReference; lastKnownFileType = image.png; path = Plot80.png; sourceTree = "<group>"; };
		D25242AE24438C8E006BE623 /* Plot167.png */ = {isa = PBXFileReference; lastKnownFileType = image.png; path = Plot167.png; sourceTree = "<group>"; };
		D25242AF24438C8E006BE623 /* Plot1024.png */ = {isa = PBXFileReference; lastKnownFileType = image.png; path = Plot1024.png; sourceTree = "<group>"; };
		D25242B024438C8E006BE623 /* Plot40.png */ = {isa = PBXFileReference; lastKnownFileType = image.png; path = Plot40.png; sourceTree = "<group>"; };
		D25242B124438C8E006BE623 /* Plot58.png */ = {isa = PBXFileReference; lastKnownFileType = image.png; path = Plot58.png; sourceTree = "<group>"; };
		D25242B224438C8E006BE623 /* Plot20.png */ = {isa = PBXFileReference; lastKnownFileType = image.png; path = Plot20.png; sourceTree = "<group>"; };
		D25242B324438C8E006BE623 /* Plot76.png */ = {isa = PBXFileReference; lastKnownFileType = image.png; path = Plot76.png; sourceTree = "<group>"; };
		D25242B424438C8E006BE623 /* Plot29.png */ = {isa = PBXFileReference; lastKnownFileType = image.png; path = Plot29.png; sourceTree = "<group>"; };
		D25242D12443B480006BE623 /* License.rtf */ = {isa = PBXFileReference; fileEncoding = 4; lastKnownFileType = text.rtf; path = License.rtf; sourceTree = "<group>"; };
/* End PBXFileReference section */

/* Begin PBXFrameworksBuildPhase section */
		D252425A2443871A006BE623 /* Frameworks */ = {
			isa = PBXFrameworksBuildPhase;
			buildActionMask = 2147483647;
			files = (
				D25242A92443885B006BE623 /* CorePlot.framework in Frameworks */,
			);
			runOnlyForDeploymentPostprocessing = 0;
		};
		D25242702443871B006BE623 /* Frameworks */ = {
			isa = PBXFrameworksBuildPhase;
			buildActionMask = 2147483647;
			files = (
			);
			runOnlyForDeploymentPostprocessing = 0;
		};
/* End PBXFrameworksBuildPhase section */

/* Begin PBXGroup section */
		D25242542443871A006BE623 = {
			isa = PBXGroup;
			children = (
				D25242832443877E006BE623 /* CorePlot.xcodeproj */,
				D252425F2443871A006BE623 /* CatalystPlot */,
				D25242762443871B006BE623 /* CatalystPlotTests */,
				D252425E2443871A006BE623 /* Products */,
				D25242A82443885B006BE623 /* Frameworks */,
			);
			sourceTree = "<group>";
		};
		D252425E2443871A006BE623 /* Products */ = {
			isa = PBXGroup;
			children = (
				D252425D2443871A006BE623 /* CatalystPlot.app */,
				D25242732443871B006BE623 /* CatalystPlotTests.xctest */,
			);
			name = Products;
			sourceTree = "<group>";
		};
		D252425F2443871A006BE623 /* CatalystPlot */ = {
			isa = PBXGroup;
			children = (
				D25242822443874F006BE623 /* CatalystPlot.entitlements */,
				D25242B224438C8E006BE623 /* Plot20.png */,
				D25242B424438C8E006BE623 /* Plot29.png */,
				D25242B024438C8E006BE623 /* Plot40.png */,
				D25242B124438C8E006BE623 /* Plot58.png */,
				D25242B324438C8E006BE623 /* Plot76.png */,
				D25242AD24438C8E006BE623 /* Plot80.png */,
				D25242AC24438C8E006BE623 /* Plot152.png */,
				D25242AE24438C8E006BE623 /* Plot167.png */,
				D25242AF24438C8E006BE623 /* Plot1024.png */,
				D25242602443871A006BE623 /* AppDelegate.swift */,
				D25242622443871A006BE623 /* SceneDelegate.swift */,
				D25242A624438807006BE623 /* Shortcut.txt */,
				D25242642443871A006BE623 /* ViewController.swift */,
				D25242D12443B480006BE623 /* License.rtf */,
				D25242662443871A006BE623 /* Main.storyboard */,
				D25242692443871B006BE623 /* Assets.xcassets */,
				D252426B2443871B006BE623 /* LaunchScreen.storyboard */,
				D252426E2443871B006BE623 /* Info.plist */,
			);
			path = CatalystPlot;
			sourceTree = "<group>";
		};
		D25242762443871B006BE623 /* CatalystPlotTests */ = {
			isa = PBXGroup;
			children = (
				D25242772443871B006BE623 /* CatalystPlotTests.swift */,
				D25242792443871B006BE623 /* Info.plist */,
			);
			path = CatalystPlotTests;
			sourceTree = "<group>";
		};
		D25242842443877E006BE623 /* Products */ = {
			isa = PBXGroup;
			children = (
				D25242942443877F006BE623 /* CorePlot.framework */,
				D25242962443877F006BE623 /* UnitTests.xctest */,
				D25242982443877F006BE623 /* CorePlot.framework */,
				D252429A2443877F006BE623 /* UnitTests iOS.xctest */,
				D252429C2443877F006BE623 /* libCorePlot-CocoaTouch.a */,
				D252429E2443877F006BE623 /* CorePlot-CocoaTouchTests.xctest */,
				D25242A02443877F006BE623 /* CorePlot.framework */,
				D25242A22443877F006BE623 /* UnitTests tvOS.xctest */,
			);
			name = Products;
			sourceTree = "<group>";
		};
		D25242A82443885B006BE623 /* Frameworks */ = {
			isa = PBXGroup;
			children = (
			);
			name = Frameworks;
			sourceTree = "<group>";
		};
/* End PBXGroup section */

/* Begin PBXNativeTarget section */
		D252425C2443871A006BE623 /* CatalystPlot */ = {
			isa = PBXNativeTarget;
			buildConfigurationList = D252427C2443871B006BE623 /* Build configuration list for PBXNativeTarget "CatalystPlot" */;
			buildPhases = (
				D25242592443871A006BE623 /* Sources */,
				D252425A2443871A006BE623 /* Frameworks */,
				D252425B2443871A006BE623 /* Resources */,
				D25242AB2443885B006BE623 /* Embed Frameworks */,
			);
			buildRules = (
			);
			dependencies = (
			);
			name = CatalystPlot;
			productName = CatalystPlot;
			productReference = D252425D2443871A006BE623 /* CatalystPlot.app */;
			productType = "com.apple.product-type.application";
		};
		D25242722443871B006BE623 /* CatalystPlotTests */ = {
			isa = PBXNativeTarget;
			buildConfigurationList = D252427F2443871B006BE623 /* Build configuration list for PBXNativeTarget "CatalystPlotTests" */;
			buildPhases = (
				D252426F2443871B006BE623 /* Sources */,
				D25242702443871B006BE623 /* Frameworks */,
				D25242712443871B006BE623 /* Resources */,
			);
			buildRules = (
			);
			dependencies = (
				D25242752443871B006BE623 /* PBXTargetDependency */,
			);
			name = CatalystPlotTests;
			productName = CatalystPlotTests;
			productReference = D25242732443871B006BE623 /* CatalystPlotTests.xctest */;
			productType = "com.apple.product-type.bundle.unit-test";
		};
/* End PBXNativeTarget section */

/* Begin PBXProject section */
		D25242552443871A006BE623 /* Project object */ = {
			isa = PBXProject;
			attributes = {
				LastSwiftUpdateCheck = 1140;
				LastUpgradeCheck = 1140;
				ORGANIZATIONNAME = "Jeff Terry";
				TargetAttributes = {
					D252425C2443871A006BE623 = {
						CreatedOnToolsVersion = 11.4;
					};
					D25242722443871B006BE623 = {
						CreatedOnToolsVersion = 11.4;
						TestTargetID = D252425C2443871A006BE623;
					};
				};
			};
			buildConfigurationList = D25242582443871A006BE623 /* Build configuration list for PBXProject "CatalystPlot" */;
			compatibilityVersion = "Xcode 9.3";
			developmentRegion = en;
			hasScannedForEncodings = 0;
			knownRegions = (
				en,
				Base,
			);
			mainGroup = D25242542443871A006BE623;
			productRefGroup = D252425E2443871A006BE623 /* Products */;
			projectDirPath = "";
			projectReferences = (
				{
					ProductGroup = D25242842443877E006BE623 /* Products */;
					ProjectRef = D25242832443877E006BE623 /* CorePlot.xcodeproj */;
				},
			);
			projectRoot = "";
			targets = (
				D252425C2443871A006BE623 /* CatalystPlot */,
				D25242722443871B006BE623 /* CatalystPlotTests */,
			);
		};
/* End PBXProject section */

/* Begin PBXReferenceProxy section */
		D25242942443877F006BE623 /* CorePlot.framework */ = {
			isa = PBXReferenceProxy;
			fileType = wrapper.framework;
			path = CorePlot.framework;
			remoteRef = D25242932443877F006BE623 /* PBXContainerItemProxy */;
			sourceTree = BUILT_PRODUCTS_DIR;
		};
		D25242962443877F006BE623 /* UnitTests.xctest */ = {
			isa = PBXReferenceProxy;
			fileType = wrapper.cfbundle;
			path = UnitTests.xctest;
			remoteRef = D25242952443877F006BE623 /* PBXContainerItemProxy */;
			sourceTree = BUILT_PRODUCTS_DIR;
		};
		D25242982443877F006BE623 /* CorePlot.framework */ = {
			isa = PBXReferenceProxy;
			fileType = wrapper.framework;
			path = CorePlot.framework;
			remoteRef = D25242972443877F006BE623 /* PBXContainerItemProxy */;
			sourceTree = BUILT_PRODUCTS_DIR;
		};
		D252429A2443877F006BE623 /* UnitTests iOS.xctest */ = {
			isa = PBXReferenceProxy;
			fileType = wrapper.cfbundle;
			path = "UnitTests iOS.xctest";
			remoteRef = D25242992443877F006BE623 /* PBXContainerItemProxy */;
			sourceTree = BUILT_PRODUCTS_DIR;
		};
		D252429C2443877F006BE623 /* libCorePlot-CocoaTouch.a */ = {
			isa = PBXReferenceProxy;
			fileType = archive.ar;
			path = "libCorePlot-CocoaTouch.a";
			remoteRef = D252429B2443877F006BE623 /* PBXContainerItemProxy */;
			sourceTree = BUILT_PRODUCTS_DIR;
		};
		D252429E2443877F006BE623 /* CorePlot-CocoaTouchTests.xctest */ = {
			isa = PBXReferenceProxy;
			fileType = wrapper.cfbundle;
			path = "CorePlot-CocoaTouchTests.xctest";
			remoteRef = D252429D2443877F006BE623 /* PBXContainerItemProxy */;
			sourceTree = BUILT_PRODUCTS_DIR;
		};
		D25242A02443877F006BE623 /* CorePlot.framework */ = {
			isa = PBXReferenceProxy;
			fileType = wrapper.framework;
			path = CorePlot.framework;
			remoteRef = D252429F2443877F006BE623 /* PBXContainerItemProxy */;
			sourceTree = BUILT_PRODUCTS_DIR;
		};
		D25242A22443877F006BE623 /* UnitTests tvOS.xctest */ = {
			isa = PBXReferenceProxy;
			fileType = wrapper.cfbundle;
			path = "UnitTests tvOS.xctest";
			remoteRef = D25242A12443877F006BE623 /* PBXContainerItemProxy */;
			sourceTree = BUILT_PRODUCTS_DIR;
		};
/* End PBXReferenceProxy section */

/* Begin PBXResourcesBuildPhase section */
		D252425B2443871A006BE623 /* Resources */ = {
			isa = PBXResourcesBuildPhase;
			buildActionMask = 2147483647;
			files = (
				D252426D2443871B006BE623 /* LaunchScreen.storyboard in Resources */,
				D25242BD24438C8E006BE623 /* Plot29.png in Resources */,
				D25242BB24438C8E006BE623 /* Plot20.png in Resources */,
				D252426A2443871B006BE623 /* Assets.xcassets in Resources */,
				D25242B524438C8E006BE623 /* Plot152.png in Resources */,
				D25242BA24438C8E006BE623 /* Plot58.png in Resources */,
				D25242A724438807006BE623 /* Shortcut.txt in Resources */,
				D25242B724438C8E006BE623 /* Plot167.png in Resources */,
				D25242B824438C8E006BE623 /* Plot1024.png in Resources */,
				D25242B924438C8E006BE623 /* Plot40.png in Resources */,
				D25242BC24438C8E006BE623 /* Plot76.png in Resources */,
				D25242B624438C8E006BE623 /* Plot80.png in Resources */,
				D25242DF2443B480006BE623 /* License.rtf in Resources */,
				D25242682443871A006BE623 /* Main.storyboard in Resources */,
			);
			runOnlyForDeploymentPostprocessing = 0;
		};
		D25242712443871B006BE623 /* Resources */ = {
			isa = PBXResourcesBuildPhase;
			buildActionMask = 2147483647;
			files = (
			);
			runOnlyForDeploymentPostprocessing = 0;
		};
/* End PBXResourcesBuildPhase section */

/* Begin PBXSourcesBuildPhase section */
		D25242592443871A006BE623 /* Sources */ = {
			isa = PBXSourcesBuildPhase;
			buildActionMask = 2147483647;
			files = (
				D25242652443871A006BE623 /* ViewController.swift in Sources */,
				D25242612443871A006BE623 /* AppDelegate.swift in Sources */,
				D25242632443871A006BE623 /* SceneDelegate.swift in Sources */,
			);
			runOnlyForDeploymentPostprocessing = 0;
		};
		D252426F2443871B006BE623 /* Sources */ = {
			isa = PBXSourcesBuildPhase;
			buildActionMask = 2147483647;
			files = (
				D25242782443871B006BE623 /* CatalystPlotTests.swift in Sources */,
			);
			runOnlyForDeploymentPostprocessing = 0;
		};
/* End PBXSourcesBuildPhase section */

/* Begin PBXTargetDependency section */
		D25242752443871B006BE623 /* PBXTargetDependency */ = {
			isa = PBXTargetDependency;
			target = D252425C2443871A006BE623 /* CatalystPlot */;
			targetProxy = D25242742443871B006BE623 /* PBXContainerItemProxy */;
		};
/* End PBXTargetDependency section */

/* Begin PBXVariantGroup section */
		D25242662443871A006BE623 /* Main.storyboard */ = {
			isa = PBXVariantGroup;
			children = (
				D25242672443871A006BE623 /* Base */,
			);
			name = Main.storyboard;
			sourceTree = "<group>";
		};
		D252426B2443871B006BE623 /* LaunchScreen.storyboard */ = {
			isa = PBXVariantGroup;
			children = (
				D252426C2443871B006BE623 /* Base */,
			);
			name = LaunchScreen.storyboard;
			sourceTree = "<group>";
		};
/* End PBXVariantGroup section */

/* Begin XCBuildConfiguration section */
		D252427A2443871B006BE623 /* Debug */ = {
			isa = XCBuildConfiguration;
			buildSettings = {
				ALWAYS_SEARCH_USER_PATHS = NO;
				CLANG_ANALYZER_NONNULL = YES;
				CLANG_ANALYZER_NUMBER_OBJECT_CONVERSION = YES_AGGRESSIVE;
				CLANG_CXX_LANGUAGE_STANDARD = "gnu++14";
				CLANG_CXX_LIBRARY = "libc++";
				CLANG_ENABLE_MODULES = YES;
				CLANG_ENABLE_OBJC_ARC = YES;
				CLANG_ENABLE_OBJC_WEAK = YES;
				CLANG_WARN_BLOCK_CAPTURE_AUTORELEASING = YES;
				CLANG_WARN_BOOL_CONVERSION = YES;
				CLANG_WARN_COMMA = YES;
				CLANG_WARN_CONSTANT_CONVERSION = YES;
				CLANG_WARN_DEPRECATED_OBJC_IMPLEMENTATIONS = YES;
				CLANG_WARN_DIRECT_OBJC_ISA_USAGE = YES_ERROR;
				CLANG_WARN_DOCUMENTATION_COMMENTS = YES;
				CLANG_WARN_EMPTY_BODY = YES;
				CLANG_WARN_ENUM_CONVERSION = YES;
				CLANG_WARN_INFINITE_RECURSION = YES;
				CLANG_WARN_INT_CONVERSION = YES;
				CLANG_WARN_NON_LITERAL_NULL_CONVERSION = YES;
				CLANG_WARN_OBJC_IMPLICIT_RETAIN_SELF = YES;
				CLANG_WARN_OBJC_LITERAL_CONVERSION = YES;
				CLANG_WARN_OBJC_ROOT_CLASS = YES_ERROR;
				CLANG_WARN_RANGE_LOOP_ANALYSIS = YES;
				CLANG_WARN_STRICT_PROTOTYPES = YES;
				CLANG_WARN_SUSPICIOUS_MOVE = YES;
				CLANG_WARN_UNGUARDED_AVAILABILITY = YES_AGGRESSIVE;
				CLANG_WARN_UNREACHABLE_CODE = YES;
				CLANG_WARN__DUPLICATE_METHOD_MATCH = YES;
				COPY_PHASE_STRIP = NO;
				DEBUG_INFORMATION_FORMAT = dwarf;
				ENABLE_STRICT_OBJC_MSGSEND = YES;
				ENABLE_TESTABILITY = YES;
				GCC_C_LANGUAGE_STANDARD = gnu11;
				GCC_DYNAMIC_NO_PIC = NO;
				GCC_NO_COMMON_BLOCKS = YES;
				GCC_OPTIMIZATION_LEVEL = 0;
				GCC_PREPROCESSOR_DEFINITIONS = (
					"DEBUG=1",
					"$(inherited)",
				);
				GCC_WARN_64_TO_32_BIT_CONVERSION = YES;
				GCC_WARN_ABOUT_RETURN_TYPE = YES_ERROR;
				GCC_WARN_UNDECLARED_SELECTOR = YES;
				GCC_WARN_UNINITIALIZED_AUTOS = YES_AGGRESSIVE;
				GCC_WARN_UNUSED_FUNCTION = YES;
				GCC_WARN_UNUSED_VARIABLE = YES;
				IPHONEOS_DEPLOYMENT_TARGET = 13.4;
				MTL_ENABLE_DEBUG_INFO = INCLUDE_SOURCE;
				MTL_FAST_MATH = YES;
				ONLY_ACTIVE_ARCH = YES;
				SDKROOT = iphoneos;
				SWIFT_ACTIVE_COMPILATION_CONDITIONS = DEBUG;
				SWIFT_OPTIMIZATION_LEVEL = "-Onone";
			};
			name = Debug;
		};
		D252427B2443871B006BE623 /* Release */ = {
			isa = XCBuildConfiguration;
			buildSettings = {
				ALWAYS_SEARCH_USER_PATHS = NO;
				CLANG_ANALYZER_NONNULL = YES;
				CLANG_ANALYZER_NUMBER_OBJECT_CONVERSION = YES_AGGRESSIVE;
				CLANG_CXX_LANGUAGE_STANDARD = "gnu++14";
				CLANG_CXX_LIBRARY = "libc++";
				CLANG_ENABLE_MODULES = YES;
				CLANG_ENABLE_OBJC_ARC = YES;
				CLANG_ENABLE_OBJC_WEAK = YES;
				CLANG_WARN_BLOCK_CAPTURE_AUTORELEASING = YES;
				CLANG_WARN_BOOL_CONVERSION = YES;
				CLANG_WARN_COMMA = YES;
				CLANG_WARN_CONSTANT_CONVERSION = YES;
				CLANG_WARN_DEPRECATED_OBJC_IMPLEMENTATIONS = YES;
				CLANG_WARN_DIRECT_OBJC_ISA_USAGE = YES_ERROR;
				CLANG_WARN_DOCUMENTATION_COMMENTS = YES;
				CLANG_WARN_EMPTY_BODY = YES;
				CLANG_WARN_ENUM_CONVERSION = YES;
				CLANG_WARN_INFINITE_RECURSION = YES;
				CLANG_WARN_INT_CONVERSION = YES;
				CLANG_WARN_NON_LITERAL_NULL_CONVERSION = YES;
				CLANG_WARN_OBJC_IMPLICIT_RETAIN_SELF = YES;
				CLANG_WARN_OBJC_LITERAL_CONVERSION = YES;
				CLANG_WARN_OBJC_ROOT_CLASS = YES_ERROR;
				CLANG_WARN_RANGE_LOOP_ANALYSIS = YES;
				CLANG_WARN_STRICT_PROTOTYPES = YES;
				CLANG_WARN_SUSPICIOUS_MOVE = YES;
				CLANG_WARN_UNGUARDED_AVAILABILITY = YES_AGGRESSIVE;
				CLANG_WARN_UNREACHABLE_CODE = YES;
				CLANG_WARN__DUPLICATE_METHOD_MATCH = YES;
				COPY_PHASE_STRIP = NO;
				DEBUG_INFORMATION_FORMAT = "dwarf-with-dsym";
				ENABLE_NS_ASSERTIONS = NO;
				ENABLE_STRICT_OBJC_MSGSEND = YES;
				GCC_C_LANGUAGE_STANDARD = gnu11;
				GCC_NO_COMMON_BLOCKS = YES;
				GCC_WARN_64_TO_32_BIT_CONVERSION = YES;
				GCC_WARN_ABOUT_RETURN_TYPE = YES_ERROR;
				GCC_WARN_UNDECLARED_SELECTOR = YES;
				GCC_WARN_UNINITIALIZED_AUTOS = YES_AGGRESSIVE;
				GCC_WARN_UNUSED_FUNCTION = YES;
				GCC_WARN_UNUSED_VARIABLE = YES;
				IPHONEOS_DEPLOYMENT_TARGET = 13.4;
				MTL_ENABLE_DEBUG_INFO = NO;
				MTL_FAST_MATH = YES;
				SDKROOT = iphoneos;
				SWIFT_COMPILATION_MODE = wholemodule;
				SWIFT_OPTIMIZATION_LEVEL = "-O";
				VALIDATE_PRODUCT = YES;
			};
			name = Release;
		};
		D252427D2443871B006BE623 /* Debug */ = {
			isa = XCBuildConfiguration;
			buildSettings = {
				ASSETCATALOG_COMPILER_APPICON_NAME = AppIcon;
				CODE_SIGN_ENTITLEMENTS = CatalystPlot/CatalystPlot.entitlements;
				CODE_SIGN_STYLE = Automatic;
				DEVELOPMENT_TEAM = V59RVGUYZD;
				INFOPLIST_FILE = CatalystPlot/Info.plist;
				LD_RUNPATH_SEARCH_PATHS = (
					"$(inherited)",
					"@executable_path/Frameworks",
				);
				PRODUCT_BUNDLE_IDENTIFIER = com.jtiit.CatalystPlot;
				PRODUCT_NAME = "$(TARGET_NAME)";
				SUPPORTS_MACCATALYST = YES;
				SWIFT_VERSION = 5.0;
				TARGETED_DEVICE_FAMILY = 2;
			};
			name = Debug;
		};
		D252427E2443871B006BE623 /* Release */ = {
			isa = XCBuildConfiguration;
			buildSettings = {
				ASSETCATALOG_COMPILER_APPICON_NAME = AppIcon;
				CODE_SIGN_ENTITLEMENTS = CatalystPlot/CatalystPlot.entitlements;
				CODE_SIGN_STYLE = Automatic;
				DEVELOPMENT_TEAM = V59RVGUYZD;
				INFOPLIST_FILE = CatalystPlot/Info.plist;
				LD_RUNPATH_SEARCH_PATHS = (
					"$(inherited)",
					"@executable_path/Frameworks",
				);
				PRODUCT_BUNDLE_IDENTIFIER = com.jtiit.CatalystPlot;
				PRODUCT_NAME = "$(TARGET_NAME)";
				SUPPORTS_MACCATALYST = YES;
				SWIFT_VERSION = 5.0;
				TARGETED_DEVICE_FAMILY = 2;
			};
			name = Release;
		};
		D25242802443871B006BE623 /* Debug */ = {
			isa = XCBuildConfiguration;
			buildSettings = {
				ALWAYS_EMBED_SWIFT_STANDARD_LIBRARIES = YES;
				BUNDLE_LOADER = "$(TEST_HOST)";
				CODE_SIGN_STYLE = Automatic;
				DEVELOPMENT_TEAM = V59RVGUYZD;
				INFOPLIST_FILE = CatalystPlotTests/Info.plist;
				IPHONEOS_DEPLOYMENT_TARGET = 13.4;
				LD_RUNPATH_SEARCH_PATHS = (
					"$(inherited)",
					"@executable_path/Frameworks",
					"@loader_path/Frameworks",
				);
				PRODUCT_BUNDLE_IDENTIFIER = com.jtiit.CatalystPlotTests;
				PRODUCT_NAME = "$(TARGET_NAME)";
				SWIFT_VERSION = 5.0;
				TARGETED_DEVICE_FAMILY = "1,2";
				TEST_HOST = "$(BUILT_PRODUCTS_DIR)/CatalystPlot.app/CatalystPlot";
			};
			name = Debug;
		};
		D25242812443871B006BE623 /* Release */ = {
			isa = XCBuildConfiguration;
			buildSettings = {
				ALWAYS_EMBED_SWIFT_STANDARD_LIBRARIES = YES;
				BUNDLE_LOADER = "$(TEST_HOST)";
				CODE_SIGN_STYLE = Automatic;
				DEVELOPMENT_TEAM = V59RVGUYZD;
				INFOPLIST_FILE = CatalystPlotTests/Info.plist;
				IPHONEOS_DEPLOYMENT_TARGET = 13.4;
				LD_RUNPATH_SEARCH_PATHS = (
					"$(inherited)",
					"@executable_path/Frameworks",
					"@loader_path/Frameworks",
				);
				PRODUCT_BUNDLE_IDENTIFIER = com.jtiit.CatalystPlotTests;
				PRODUCT_NAME = "$(TARGET_NAME)";
				SWIFT_VERSION = 5.0;
				TARGETED_DEVICE_FAMILY = "1,2";
				TEST_HOST = "$(BUILT_PRODUCTS_DIR)/CatalystPlot.app/CatalystPlot";
			};
			name = Release;
		};
/* End XCBuildConfiguration section */

/* Begin XCConfigurationList section */
		D25242582443871A006BE623 /* Build configuration list for PBXProject "CatalystPlot" */ = {
			isa = XCConfigurationList;
			buildConfigurations = (
				D252427A2443871B006BE623 /* Debug */,
				D252427B2443871B006BE623 /* Release */,
			);
			defaultConfigurationIsVisible = 0;
			defaultConfigurationName = Release;
		};
		D252427C2443871B006BE623 /* Build configuration list for PBXNativeTarget "CatalystPlot" */ = {
			isa = XCConfigurationList;
			buildConfigurations = (
				D252427D2443871B006BE623 /* Debug */,
				D252427E2443871B006BE623 /* Release */,
			);
			defaultConfigurationIsVisible = 0;
			defaultConfigurationName = Release;
		};
		D252427F2443871B006BE623 /* Build configuration list for PBXNativeTarget "CatalystPlotTests" */ = {
			isa = XCConfigurationList;
			buildConfigurations = (
				D25242802443871B006BE623 /* Debug */,
				D25242812443871B006BE623 /* Release */,
			);
			defaultConfigurationIsVisible = 0;
			defaultConfigurationName = Release;
		};
/* End XCConfigurationList section */
	};
	rootObject = D25242552443871A006BE623 /* Project object */;
}
